{
  "nodes": {
    "cloakbrowser": {
      "inputs": {
        "nixpkgs": [
          "nixpkgs"
        ]
      },
      "locked": {
        "lastModified": 1778553006,
        "narHash": "sha256-1eG5qBhFMNabiRcHKmoFFSvfHTvuyN2O297ae55cb8w=",
        "owner": "Seryiza",
        "repo": "CloakBrowser",
        "rev": "8718e32fe02e2f3dc8b65488dca3a1ce10bbe9ca",
        "type": "github"
      },
      "original": {
        "owner": "Seryiza",
        "repo": "CloakBrowser",
        "type": "github"
      }
    },
    "nixpkgs": {
      "locked": {
        "lastModified": 1777954456,
        "narHash": "sha256-hGdgeU2Nk87RAuZyYjyDjFL6LK7dAZN5RE9+hrDTkDU=",
        "owner": "NixOS",
        "repo": "nixpkgs",
        "rev": "549bd84d6279f9852cae6225e372cc67fb91a4c1",
        "type": "github"
      },
      "original": {
        "owner": "NixOS",
        "ref": "nixos-unstable",
        "repo": "nixpkgs",
        "type": "github"
      }
    },
    "root": {
      "inputs": {
        "cloakbrowser": "cloakbrowser",
        "nixpkgs": "nixpkgs"
      }
    }
  },
  "root": "root",
  "version": 7
}
